
Microsoft Visual Studio Solution File, Format Version 12.00
# Visual Studio 2013
VisualStudioVersion = 12.0.31101.0
MinimumVisualStudioVersion = 10.0.40219.1
Project("{FAE04EC0-301F-11D3-BF4B-00C04F79EFBC}") = "DocuSign.Web", "DocuSign.Web\DocuSign.Web.csproj", "{DE85EAB3-1E66-40A6-B9EB-8E22EE402B84}"
EndProject
Project("{FAE04EC0-301F-11D3-BF4B-00C04F79EFBC}") = "DocuSign", "DocuSign\DocuSign.csproj", "{1D2FFE32-6D72-4A12-A2CE-717BA29024BD}"
EndProject
Project("{FAE04EC0-301F-11D3-BF4B-00C04F79EFBC}") = "DocuSign.FunctionalTests", "DocuSign.FunctionalTests\DocuSign.FunctionalTests.csproj", "{830A4219-1645-416C-91EA-C7456FA08B28}"
EndProject
Global
	GlobalSection(SolutionConfigurationPlatforms) = preSolution
		Debug|Any CPU = Debug|Any CPU
		Release|Any CPU = Release|Any CPU
	EndGlobalSection
	GlobalSection(ProjectConfigurationPlatforms) = postSolution
		{DE85EAB3-1E66-40A6-B9EB-8E22EE402B84}.Debug|Any CPU.ActiveCfg = Debug|Any CPU
		{DE85EAB3-1E66-40A6-B9EB-8E22EE402B84}.Debug|Any CPU.Build.0 = Debug|Any CPU
		{DE85EAB3-1E66-40A6-B9EB-8E22EE402B84}.Release|Any CPU.ActiveCfg = Release|Any CPU
		{DE85EAB3-1E66-40A6-B9EB-8E22EE402B84}.Release|Any CPU.Build.0 = Release|Any CPU
		{1D2FFE32-6D72-4A12-A2CE-717BA29024BD}.Debug|Any CPU.ActiveCfg = Debug|Any CPU
		{1D2FFE32-6D72-4A12-A2CE-717BA29024BD}.Debug|Any CPU.Build.0 = Debug|Any CPU
		{1D2FFE32-6D72-4A12-A2CE-717BA29024BD}.Release|Any CPU.ActiveCfg = Release|Any CPU
		{1D2FFE32-6D72-4A12-A2CE-717BA29024BD}.Release|Any CPU.Build.0 = Release|Any CPU
		{830A4219-1645-416C-91EA-C7456FA08B28}.Debug|Any CPU.ActiveCfg = Debug|Any CPU
		{830A4219-1645-416C-91EA-C7456FA08B28}.Debug|Any CPU.Build.0 = Debug|Any CPU
		{830A4219-1645-416C-91EA-C7456FA08B28}.Release|Any CPU.ActiveCfg = Release|Any CPU
		{830A4219-1645-416C-91EA-C7456FA08B28}.Release|Any CPU.Build.0 = Release|Any CPU
	EndGlobalSection
	GlobalSection(SolutionProperties) = preSolution
		HideSolutionNode = FALSE
	EndGlobalSection
EndGlobal
